// !$*UTF8*$!
{
	archiveVersion = 1;
	classes = {
	};
	objectVersion = 50;
	objects = {

/* Begin PBXBuildFile section */
		A5A3B18224B2D4010025BA95 /* main.cpp in Sources */ = {isa = PBXBuildFile; fileRef = A5A3B18124B2D4010025BA95 /* main.cpp */; };
		A5A3B18E24B2D4160025BA95 /* ListNode.cpp in Sources */ = {isa = PBXBuildFile; fileRef = A5A3B18924B2D4160025BA95 /* ListNode.cpp */; };
		A5A3B18F24B2D4160025BA95 /* 206_反转链表.cpp in Sources */ = {isa = PBXBuildFile; fileRef = A5A3B18A24B2D4160025BA95 /* 206_反转链表.cpp */; };
		A5A3B19024B2D4160025BA95 /* 2_两数相加.cpp in Sources */ = {isa = PBXBuildFile; fileRef = A5A3B18B24B2D4160025BA95 /* 2_两数相加.cpp */; };
		A5A3B19124B2D4160025BA95 /* 21_合并两个有序链表.cpp in Sources */ = {isa = PBXBuildFile; fileRef = A5A3B18C24B2D4160025BA95 /* 21_合并两个有序链表.cpp */; };
/* End PBXBuildFile section */

/* Begin PBXCopyFilesBuildPhase section */
		A5A3B17C24B2D4010025BA95 /* CopyFiles */ = {
			isa = PBXCopyFilesBuildPhase;
			buildActionMask = 2147483647;
			dstPath = /usr/share/man/man1/;
			dstSubfolderSpec = 0;
			files = (
			);
			runOnlyForDeploymentPostprocessing = 1;
		};
/* End PBXCopyFilesBuildPhase section */

/* Begin PBXFileReference section */
		A5A3B17E24B2D4010025BA95 /* leetcode_cpp */ = {isa = PBXFileReference; explicitFileType = "compiled.mach-o.executable"; includeInIndex = 0; path = leetcode_cpp; sourceTree = BUILT_PRODUCTS_DIR; };
		A5A3B18124B2D4010025BA95 /* main.cpp */ = {isa = PBXFileReference; lastKnownFileType = sourcecode.cpp.cpp; path = main.cpp; sourceTree = "<group>"; };
		A5A3B18924B2D4160025BA95 /* ListNode.cpp */ = {isa = PBXFileReference; fileEncoding = 4; lastKnownFileType = sourcecode.cpp.cpp; path = ListNode.cpp; sourceTree = "<group>"; };
		A5A3B18A24B2D4160025BA95 /* 206_反转链表.cpp */ = {isa = PBXFileReference; fileEncoding = 4; lastKnownFileType = sourcecode.cpp.cpp; path = "206_反转链表.cpp"; sourceTree = "<group>"; };
		A5A3B18B24B2D4160025BA95 /* 2_两数相加.cpp */ = {isa = PBXFileReference; fileEncoding = 4; lastKnownFileType = sourcecode.cpp.cpp; path = "2_两数相加.cpp"; sourceTree = "<group>"; };
		A5A3B18C24B2D4160025BA95 /* 21_合并两个有序链表.cpp */ = {isa = PBXFileReference; fileEncoding = 4; lastKnownFileType = sourcecode.cpp.cpp; path = "21_合并两个有序链表.cpp"; sourceTree = "<group>"; };
		A5A3B18D24B2D4160025BA95 /* ListNode.hpp */ = {isa = PBXFileReference; fileEncoding = 4; lastKnownFileType = sourcecode.cpp.h; path = ListNode.hpp; sourceTree = "<group>"; };
/* End PBXFileReference section */

/* Begin PBXFrameworksBuildPhase section */
		A5A3B17B24B2D4010025BA95 /* Frameworks */ = {
			isa = PBXFrameworksBuildPhase;
			buildActionMask = 2147483647;
			files = (
			);
			runOnlyForDeploymentPostprocessing = 0;
		};
/* End PBXFrameworksBuildPhase section */

/* Begin PBXGroup section */
		A5A3B17524B2D4010025BA95 = {
			isa = PBXGroup;
			children = (
				A5A3B18024B2D4010025BA95 /* leetcode_cpp */,
				A5A3B17F24B2D4010025BA95 /* Products */,
			);
			sourceTree = "<group>";
		};
		A5A3B17F24B2D4010025BA95 /* Products */ = {
			isa = PBXGroup;
			children = (
				A5A3B17E24B2D4010025BA95 /* leetcode_cpp */,
			);
			name = Products;
			sourceTree = "<group>";
		};
		A5A3B18024B2D4010025BA95 /* leetcode_cpp */ = {
			isa = PBXGroup;
			children = (
				A5A3B18124B2D4010025BA95 /* main.cpp */,
				A5A3B18824B2D4160025BA95 /* 链表 */,
			);
			path = leetcode_cpp;
			sourceTree = "<group>";
		};
		A5A3B18824B2D4160025BA95 /* 链表 */ = {
			isa = PBXGroup;
			children = (
				A5A3B18D24B2D4160025BA95 /* ListNode.hpp */,
				A5A3B18924B2D4160025BA95 /* ListNode.cpp */,
				A5A3B18B24B2D4160025BA95 /* 2_两数相加.cpp */,
				A5A3B18C24B2D4160025BA95 /* 21_合并两个有序链表.cpp */,
				A5A3B18A24B2D4160025BA95 /* 206_反转链表.cpp */,
			);
			path = "链表";
			sourceTree = "<group>";
		};
/* End PBXGroup section */

/* Begin PBXNativeTarget section */
		A5A3B17D24B2D4010025BA95 /* leetcode_cpp */ = {
			isa = PBXNativeTarget;
			buildConfigurationList = A5A3B18524B2D4010025BA95 /* Build configuration list for PBXNativeTarget "leetcode_cpp" */;
			buildPhases = (
				A5A3B17A24B2D4010025BA95 /* Sources */,
				A5A3B17B24B2D4010025BA95 /* Frameworks */,
				A5A3B17C24B2D4010025BA95 /* CopyFiles */,
			);
			buildRules = (
			);
			dependencies = (
			);
			name = leetcode_cpp;
			productName = leetcode_cpp;
			productReference = A5A3B17E24B2D4010025BA95 /* leetcode_cpp */;
			productType = "com.apple.product-type.tool";
		};
/* End PBXNativeTarget section */

/* Begin PBXProject section */
		A5A3B17624B2D4010025BA95 /* Project object */ = {
			isa = PBXProject;
			attributes = {
				LastUpgradeCheck = 1130;
				ORGANIZATIONNAME = "飞熊";
				TargetAttributes = {
					A5A3B17D24B2D4010025BA95 = {
						CreatedOnToolsVersion = 11.3.1;
					};
				};
			};
			buildConfigurationList = A5A3B17924B2D4010025BA95 /* Build configuration list for PBXProject "leetcode_cpp" */;
			compatibilityVersion = "Xcode 9.3";
			developmentRegion = en;
			hasScannedForEncodings = 0;
			knownRegions = (
				en,
				Base,
			);
			mainGroup = A5A3B17524B2D4010025BA95;
			productRefGroup = A5A3B17F24B2D4010025BA95 /* Products */;
			projectDirPath = "";
			projectRoot = "";
			targets = (
				A5A3B17D24B2D4010025BA95 /* leetcode_cpp */,
			);
		};
/* End PBXProject section */

/* Begin PBXSourcesBuildPhase section */
		A5A3B17A24B2D4010025BA95 /* Sources */ = {
			isa = PBXSourcesBuildPhase;
			buildActionMask = 2147483647;
			files = (
				A5A3B19124B2D4160025BA95 /* 21_合并两个有序链表.cpp in Sources */,
				A5A3B19024B2D4160025BA95 /* 2_两数相加.cpp in Sources */,
				A5A3B18224B2D4010025BA95 /* main.cpp in Sources */,
				A5A3B18E24B2D4160025BA95 /* ListNode.cpp in Sources */,
				A5A3B18F24B2D4160025BA95 /* 206_反转链表.cpp in Sources */,
			);
			runOnlyForDeploymentPostprocessing = 0;
		};
/* End PBXSourcesBuildPhase section */

/* Begin XCBuildConfiguration section */
		A5A3B18324B2D4010025BA95 /* Debug */ = {
			isa = XCBuildConfiguration;
			buildSettings = {
				ALWAYS_SEARCH_USER_PATHS = NO;
				CLANG_ANALYZER_NONNULL = YES;
				CLANG_ANALYZER_NUMBER_OBJECT_CONVERSION = YES_AGGRESSIVE;
				CLANG_CXX_LANGUAGE_STANDARD = "gnu++14";
				CLANG_CXX_LIBRARY = "libc++";
				CLANG_ENABLE_MODULES = YES;
				CLANG_ENABLE_OBJC_ARC = YES;
				CLANG_ENABLE_OBJC_WEAK = YES;
				CLANG_WARN_BLOCK_CAPTURE_AUTORELEASING = YES;
				CLANG_WARN_BOOL_CONVERSION = YES;
				CLANG_WARN_COMMA = YES;
				CLANG_WARN_CONSTANT_CONVERSION = YES;
				CLANG_WARN_DEPRECATED_OBJC_IMPLEMENTATIONS = YES;
				CLANG_WARN_DIRECT_OBJC_ISA_USAGE = YES_ERROR;
				CLANG_WARN_DOCUMENTATION_COMMENTS = YES;
				CLANG_WARN_EMPTY_BODY = YES;
				CLANG_WARN_ENUM_CONVERSION = YES;
				CLANG_WARN_INFINITE_RECURSION = YES;
				CLANG_WARN_INT_CONVERSION = YES;
				CLANG_WARN_NON_LITERAL_NULL_CONVERSION = YES;
				CLANG_WARN_OBJC_IMPLICIT_RETAIN_SELF = YES;
				CLANG_WARN_OBJC_LITERAL_CONVERSION = YES;
				CLANG_WARN_OBJC_ROOT_CLASS = YES_ERROR;
				CLANG_WARN_RANGE_LOOP_ANALYSIS = YES;
				CLANG_WARN_STRICT_PROTOTYPES = YES;
				CLANG_WARN_SUSPICIOUS_MOVE = YES;
				CLANG_WARN_UNGUARDED_AVAILABILITY = YES_AGGRESSIVE;
				CLANG_WARN_UNREACHABLE_CODE = YES;
				CLANG_WARN__DUPLICATE_METHOD_MATCH = YES;
				COPY_PHASE_STRIP = NO;
				DEBUG_INFORMATION_FORMAT = dwarf;
				ENABLE_STRICT_OBJC_MSGSEND = YES;
				ENABLE_TESTABILITY = YES;
				GCC_C_LANGUAGE_STANDARD = gnu11;
				GCC_DYNAMIC_NO_PIC = NO;
				GCC_NO_COMMON_BLOCKS = YES;
				GCC_OPTIMIZATION_LEVEL = 0;
				GCC_PREPROCESSOR_DEFINITIONS = (
					"DEBUG=1",
					"$(inherited)",
				);
				GCC_WARN_64_TO_32_BIT_CONVERSION = YES;
				GCC_WARN_ABOUT_RETURN_TYPE = YES_ERROR;
				GCC_WARN_UNDECLARED_SELECTOR = YES;
				GCC_WARN_UNINITIALIZED_AUTOS = YES_AGGRESSIVE;
				GCC_WARN_UNUSED_FUNCTION = YES;
				GCC_WARN_UNUSED_VARIABLE = YES;
				MACOSX_DEPLOYMENT_TARGET = 10.14;
				MTL_ENABLE_DEBUG_INFO = INCLUDE_SOURCE;
				MTL_FAST_MATH = YES;
				ONLY_ACTIVE_ARCH = YES;
				SDKROOT = macosx;
			};
			name = Debug;
		};
		A5A3B18424B2D4010025BA95 /* Release */ = {
			isa = XCBuildConfiguration;
			buildSettings = {
				ALWAYS_SEARCH_USER_PATHS = NO;
				CLANG_ANALYZER_NONNULL = YES;
				CLANG_ANALYZER_NUMBER_OBJECT_CONVERSION = YES_AGGRESSIVE;
				CLANG_CXX_LANGUAGE_STANDARD = "gnu++14";
				CLANG_CXX_LIBRARY = "libc++";
				CLANG_ENABLE_MODULES = YES;
				CLANG_ENABLE_OBJC_ARC = YES;
				CLANG_ENABLE_OBJC_WEAK = YES;
				CLANG_WARN_BLOCK_CAPTURE_AUTORELEASING = YES;
				CLANG_WARN_BOOL_CONVERSION = YES;
				CLANG_WARN_COMMA = YES;
				CLANG_WARN_CONSTANT_CONVERSION = YES;
				CLANG_WARN_DEPRECATED_OBJC_IMPLEMENTATIONS = YES;
				CLANG_WARN_DIRECT_OBJC_ISA_USAGE = YES_ERROR;
				CLANG_WARN_DOCUMENTATION_COMMENTS = YES;
				CLANG_WARN_EMPTY_BODY = YES;
				CLANG_WARN_ENUM_CONVERSION = YES;
				CLANG_WARN_INFINITE_RECURSION = YES;
				CLANG_WARN_INT_CONVERSION = YES;
				CLANG_WARN_NON_LITERAL_NULL_CONVERSION = YES;
				CLANG_WARN_OBJC_IMPLICIT_RETAIN_SELF = YES;
				CLANG_WARN_OBJC_LITERAL_CONVERSION = YES;
				CLANG_WARN_OBJC_ROOT_CLASS = YES_ERROR;
				CLANG_WARN_RANGE_LOOP_ANALYSIS = YES;
				CLANG_WARN_STRICT_PROTOTYPES = YES;
				CLANG_WARN_SUSPICIOUS_MOVE = YES;
				CLANG_WARN_UNGUARDED_AVAILABILITY = YES_AGGRESSIVE;
				CLANG_WARN_UNREACHABLE_CODE = YES;
				CLANG_WARN__DUPLICATE_METHOD_MATCH = YES;
				COPY_PHASE_STRIP = NO;
				DEBUG_INFORMATION_FORMAT = "dwarf-with-dsym";
				ENABLE_NS_ASSERTIONS = NO;
				ENABLE_STRICT_OBJC_MSGSEND = YES;
				GCC_C_LANGUAGE_STANDARD = gnu11;
				GCC_NO_COMMON_BLOCKS = YES;
				GCC_WARN_64_TO_32_BIT_CONVERSION = YES;
				GCC_WARN_ABOUT_RETURN_TYPE = YES_ERROR;
				GCC_WARN_UNDECLARED_SELECTOR = YES;
				GCC_WARN_UNINITIALIZED_AUTOS = YES_AGGRESSIVE;
				GCC_WARN_UNUSED_FUNCTION = YES;
				GCC_WARN_UNUSED_VARIABLE = YES;
				MACOSX_DEPLOYMENT_TARGET = 10.14;
				MTL_ENABLE_DEBUG_INFO = NO;
				MTL_FAST_MATH = YES;
				SDKROOT = macosx;
			};
			name = Release;
		};
		A5A3B18624B2D4010025BA95 /* Debug */ = {
			isa = XCBuildConfiguration;
			buildSettings = {
				CODE_SIGN_STYLE = Automatic;
				PRODUCT_NAME = "$(TARGET_NAME)";
			};
			name = Debug;
		};
		A5A3B18724B2D4010025BA95 /* Release */ = {
			isa = XCBuildConfiguration;
			buildSettings = {
				CODE_SIGN_STYLE = Automatic;
				PRODUCT_NAME = "$(TARGET_NAME)";
			};
			name = Release;
		};
/* End XCBuildConfiguration section */

/* Begin XCConfigurationList section */
		A5A3B17924B2D4010025BA95 /* Build configuration list for PBXProject "leetcode_cpp" */ = {
			isa = XCConfigurationList;
			buildConfigurations = (
				A5A3B18324B2D4010025BA95 /* Debug */,
				A5A3B18424B2D4010025BA95 /* Release */,
			);
			defaultConfigurationIsVisible = 0;
			defaultConfigurationName = Release;
		};
		A5A3B18524B2D4010025BA95 /* Build configuration list for PBXNativeTarget "leetcode_cpp" */ = {
			isa = XCConfigurationList;
			buildConfigurations = (
				A5A3B18624B2D4010025BA95 /* Debug */,
				A5A3B18724B2D4010025BA95 /* Release */,
			);
			defaultConfigurationIsVisible = 0;
			defaultConfigurationName = Release;
		};
/* End XCConfigurationList section */
	};
	rootObject = A5A3B17624B2D4010025BA95 /* Project object */;
}
