// !$*UTF8*$!
{
	archiveVersion = 1;
	classes = {
	};
	objectVersion = 50;
	objects = {

/* Begin PBXBuildFile section */
		A503696D24B5DAC900FC1049 /* 面试题_02_08_环路检测.cpp in Sources */ = {isa = PBXBuildFile; fileRef = A503696C24B5DAC900FC1049 /* 面试题_02_08_环路检测.cpp */; };
		A50FAE5A24B564F800561A45 /* 面试题_16_11_跳水板.cpp in Sources */ = {isa = PBXBuildFile; fileRef = A50FAE5824B564F800561A45 /* 面试题_16_11_跳水板.cpp */; };
		A50FAE5C24B5857E00561A45 /* 删除排序数组中的重复项.cpp in Sources */ = {isa = PBXBuildFile; fileRef = A50FAE5B24B5857E00561A45 /* 删除排序数组中的重复项.cpp */; };
		A524EC6924B6B81A00765683 /* 面试题_02_04_分割链表.cpp in Sources */ = {isa = PBXBuildFile; fileRef = A524EC6824B6B81A00765683 /* 面试题_02_04_分割链表.cpp */; };
		A524EC6B24B6BB7C00765683 /* _328_奇偶链表.cpp in Sources */ = {isa = PBXBuildFile; fileRef = A524EC6A24B6BB7C00765683 /* _328_奇偶链表.cpp */; };
		A52C714C24B4476500A0F3F3 /* 112_路径总和.cpp in Sources */ = {isa = PBXBuildFile; fileRef = A52C714924B4476500A0F3F3 /* 112_路径总和.cpp */; };
		A52C714D24B4476500A0F3F3 /* TreeNode.cpp in Sources */ = {isa = PBXBuildFile; fileRef = A52C714A24B4476500A0F3F3 /* TreeNode.cpp */; };
		A52C715024B447B300A0F3F3 /* 面试题 10.01.cpp in Sources */ = {isa = PBXBuildFile; fileRef = A52C714F24B447B300A0F3F3 /* 面试题 10.01.cpp */; };
		A54980E524B469910066F455 /* 24_两两交换链表中的节点.cpp in Sources */ = {isa = PBXBuildFile; fileRef = A54980E424B469910066F455 /* 24_两两交换链表中的节点.cpp */; };
		A54980E724B46D7D0066F455 /* 143_重排链表.cpp in Sources */ = {isa = PBXBuildFile; fileRef = A54980E624B46D7D0066F455 /* 143_重排链表.cpp */; };
		A550F67E24B465D900556ABA /* 19_删除链表的倒数第N个节点.cpp in Sources */ = {isa = PBXBuildFile; fileRef = A550F67D24B465D900556ABA /* 19_删除链表的倒数第N个节点.cpp */; };
		A5A3B18224B2D4010025BA95 /* main.cpp in Sources */ = {isa = PBXBuildFile; fileRef = A5A3B18124B2D4010025BA95 /* main.cpp */; };
		A5A3B18E24B2D4160025BA95 /* ListNode.cpp in Sources */ = {isa = PBXBuildFile; fileRef = A5A3B18924B2D4160025BA95 /* ListNode.cpp */; };
		A5A3B18F24B2D4160025BA95 /* 206_反转链表.cpp in Sources */ = {isa = PBXBuildFile; fileRef = A5A3B18A24B2D4160025BA95 /* 206_反转链表.cpp */; };
		A5A3B19024B2D4160025BA95 /* 2_两数相加.cpp in Sources */ = {isa = PBXBuildFile; fileRef = A5A3B18B24B2D4160025BA95 /* 2_两数相加.cpp */; };
		A5A3B19124B2D4160025BA95 /* 21_合并两个有序链表.cpp in Sources */ = {isa = PBXBuildFile; fileRef = A5A3B18C24B2D4160025BA95 /* 21_合并两个有序链表.cpp */; };
		A5D3D8AF24B81A15003AF7C8 /* 121_买卖股票的最佳时机.cpp in Sources */ = {isa = PBXBuildFile; fileRef = A5D3D8AE24B81A15003AF7C8 /* 121_买卖股票的最佳时机.cpp */; };
		A5D3D8B224B82EDF003AF7C8 /* 122_买卖股票的最佳时机II.cpp in Sources */ = {isa = PBXBuildFile; fileRef = A5D3D8B124B82EDF003AF7C8 /* 122_买卖股票的最佳时机II.cpp */; };
		A5F9454B24B85A8000573A2F /* 309_最佳买卖股票时机含冷冻期.cpp in Sources */ = {isa = PBXBuildFile; fileRef = A5F9454A24B85A8000573A2F /* 309_最佳买卖股票时机含冷冻期.cpp */; };
		B7B5338124B60471000FFA74 /* 面试题_02_07_链表相交.cpp in Sources */ = {isa = PBXBuildFile; fileRef = B7B5338024B60471000FFA74 /* 面试题_02_07_链表相交.cpp */; };
		B7B5338424B60D3F000FFA74 /* 1_两数之和.cpp in Sources */ = {isa = PBXBuildFile; fileRef = B7B5338324B60D3F000FFA74 /* 1_两数之和.cpp */; };
		B7D01F7E24B759A3006BCD88 /* 55_跳跃游戏.cpp in Sources */ = {isa = PBXBuildFile; fileRef = B7D01F7D24B759A3006BCD88 /* 55_跳跃游戏.cpp */; };
		B7D01F8024B7661B006BCD88 /* 1480_一维数组的动态和.cpp in Sources */ = {isa = PBXBuildFile; fileRef = B7D01F7F24B7661B006BCD88 /* 1480_一维数组的动态和.cpp */; };
/* End PBXBuildFile section */

/* Begin PBXCopyFilesBuildPhase section */
		A5A3B17C24B2D4010025BA95 /* CopyFiles */ = {
			isa = PBXCopyFilesBuildPhase;
			buildActionMask = 2147483647;
			dstPath = /usr/share/man/man1/;
			dstSubfolderSpec = 0;
			files = (
			);
			runOnlyForDeploymentPostprocessing = 1;
		};
/* End PBXCopyFilesBuildPhase section */

/* Begin PBXFileReference section */
		A503696C24B5DAC900FC1049 /* 面试题_02_08_环路检测.cpp */ = {isa = PBXFileReference; lastKnownFileType = sourcecode.cpp.cpp; path = "面试题_02_08_环路检测.cpp"; sourceTree = "<group>"; };
		A50FAE5824B564F800561A45 /* 面试题_16_11_跳水板.cpp */ = {isa = PBXFileReference; lastKnownFileType = sourcecode.cpp.cpp; path = "面试题_16_11_跳水板.cpp"; sourceTree = "<group>"; };
		A50FAE5B24B5857E00561A45 /* 删除排序数组中的重复项.cpp */ = {isa = PBXFileReference; lastKnownFileType = sourcecode.cpp.cpp; path = "删除排序数组中的重复项.cpp"; sourceTree = "<group>"; };
		A524EC6824B6B81A00765683 /* 面试题_02_04_分割链表.cpp */ = {isa = PBXFileReference; lastKnownFileType = sourcecode.cpp.cpp; path = "面试题_02_04_分割链表.cpp"; sourceTree = "<group>"; };
		A524EC6A24B6BB7C00765683 /* _328_奇偶链表.cpp */ = {isa = PBXFileReference; lastKnownFileType = sourcecode.cpp.cpp; path = "_328_奇偶链表.cpp"; sourceTree = "<group>"; };
		A52C714924B4476500A0F3F3 /* 112_路径总和.cpp */ = {isa = PBXFileReference; fileEncoding = 4; lastKnownFileType = sourcecode.cpp.cpp; path = "112_路径总和.cpp"; sourceTree = "<group>"; };
		A52C714A24B4476500A0F3F3 /* TreeNode.cpp */ = {isa = PBXFileReference; fileEncoding = 4; lastKnownFileType = sourcecode.cpp.cpp; path = TreeNode.cpp; sourceTree = "<group>"; };
		A52C714B24B4476500A0F3F3 /* TreeNode.hpp */ = {isa = PBXFileReference; fileEncoding = 4; lastKnownFileType = sourcecode.cpp.h; path = TreeNode.hpp; sourceTree = "<group>"; };
		A52C714F24B447B300A0F3F3 /* 面试题 10.01.cpp */ = {isa = PBXFileReference; lastKnownFileType = sourcecode.cpp.cpp; path = "面试题 10.01.cpp"; sourceTree = "<group>"; };
		A54980E424B469910066F455 /* 24_两两交换链表中的节点.cpp */ = {isa = PBXFileReference; lastKnownFileType = sourcecode.cpp.cpp; path = "24_两两交换链表中的节点.cpp"; sourceTree = "<group>"; };
		A54980E624B46D7D0066F455 /* 143_重排链表.cpp */ = {isa = PBXFileReference; lastKnownFileType = sourcecode.cpp.cpp; path = "143_重排链表.cpp"; sourceTree = "<group>"; };
		A550F67D24B465D900556ABA /* 19_删除链表的倒数第N个节点.cpp */ = {isa = PBXFileReference; lastKnownFileType = sourcecode.cpp.cpp; path = "19_删除链表的倒数第N个节点.cpp"; sourceTree = "<group>"; };
		A5A3B17E24B2D4010025BA95 /* leetcode_cpp */ = {isa = PBXFileReference; explicitFileType = "compiled.mach-o.executable"; includeInIndex = 0; path = leetcode_cpp; sourceTree = BUILT_PRODUCTS_DIR; };
		A5A3B18124B2D4010025BA95 /* main.cpp */ = {isa = PBXFileReference; lastKnownFileType = sourcecode.cpp.cpp; path = main.cpp; sourceTree = "<group>"; };
		A5A3B18924B2D4160025BA95 /* ListNode.cpp */ = {isa = PBXFileReference; fileEncoding = 4; lastKnownFileType = sourcecode.cpp.cpp; path = ListNode.cpp; sourceTree = "<group>"; };
		A5A3B18A24B2D4160025BA95 /* 206_反转链表.cpp */ = {isa = PBXFileReference; fileEncoding = 4; lastKnownFileType = sourcecode.cpp.cpp; path = "206_反转链表.cpp"; sourceTree = "<group>"; };
		A5A3B18B24B2D4160025BA95 /* 2_两数相加.cpp */ = {isa = PBXFileReference; fileEncoding = 4; lastKnownFileType = sourcecode.cpp.cpp; path = "2_两数相加.cpp"; sourceTree = "<group>"; };
		A5A3B18C24B2D4160025BA95 /* 21_合并两个有序链表.cpp */ = {isa = PBXFileReference; fileEncoding = 4; lastKnownFileType = sourcecode.cpp.cpp; path = "21_合并两个有序链表.cpp"; sourceTree = "<group>"; };
		A5A3B18D24B2D4160025BA95 /* ListNode.hpp */ = {isa = PBXFileReference; fileEncoding = 4; lastKnownFileType = sourcecode.cpp.h; path = ListNode.hpp; sourceTree = "<group>"; };
		A5D3D8AE24B81A15003AF7C8 /* 121_买卖股票的最佳时机.cpp */ = {isa = PBXFileReference; lastKnownFileType = sourcecode.cpp.cpp; path = "121_买卖股票的最佳时机.cpp"; sourceTree = "<group>"; };
		A5D3D8B124B82EDF003AF7C8 /* 122_买卖股票的最佳时机II.cpp */ = {isa = PBXFileReference; lastKnownFileType = sourcecode.cpp.cpp; path = "122_买卖股票的最佳时机II.cpp"; sourceTree = "<group>"; };
		A5F9454A24B85A8000573A2F /* 309_最佳买卖股票时机含冷冻期.cpp */ = {isa = PBXFileReference; lastKnownFileType = sourcecode.cpp.cpp; path = "309_最佳买卖股票时机含冷冻期.cpp"; sourceTree = "<group>"; };
		B7B5338024B60471000FFA74 /* 面试题_02_07_链表相交.cpp */ = {isa = PBXFileReference; lastKnownFileType = sourcecode.cpp.cpp; path = "面试题_02_07_链表相交.cpp"; sourceTree = "<group>"; };
		B7B5338324B60D3F000FFA74 /* 1_两数之和.cpp */ = {isa = PBXFileReference; lastKnownFileType = sourcecode.cpp.cpp; path = "1_两数之和.cpp"; sourceTree = "<group>"; };
		B7D01F7D24B759A3006BCD88 /* 55_跳跃游戏.cpp */ = {isa = PBXFileReference; lastKnownFileType = sourcecode.cpp.cpp; path = "55_跳跃游戏.cpp"; sourceTree = "<group>"; };
		B7D01F7F24B7661B006BCD88 /* 1480_一维数组的动态和.cpp */ = {isa = PBXFileReference; lastKnownFileType = sourcecode.cpp.cpp; path = "1480_一维数组的动态和.cpp"; sourceTree = "<group>"; };
/* End PBXFileReference section */

/* Begin PBXFrameworksBuildPhase section */
		A5A3B17B24B2D4010025BA95 /* Frameworks */ = {
			isa = PBXFrameworksBuildPhase;
			buildActionMask = 2147483647;
			files = (
			);
			runOnlyForDeploymentPostprocessing = 0;
		};
/* End PBXFrameworksBuildPhase section */

/* Begin PBXGroup section */
		A50FAE5724B564E300561A45 /* 递归 */ = {
			isa = PBXGroup;
			children = (
				A50FAE5824B564F800561A45 /* 面试题_16_11_跳水板.cpp */,
			);
			path = "递归";
			sourceTree = "<group>";
		};
		A52C714824B4476500A0F3F3 /* 树 */ = {
			isa = PBXGroup;
			children = (
				A52C714A24B4476500A0F3F3 /* TreeNode.cpp */,
				A52C714B24B4476500A0F3F3 /* TreeNode.hpp */,
				A52C714924B4476500A0F3F3 /* 112_路径总和.cpp */,
			);
			path = "树";
			sourceTree = "<group>";
		};
		A52C714E24B4479C00A0F3F3 /* 数组 */ = {
			isa = PBXGroup;
			children = (
				A52C714F24B447B300A0F3F3 /* 面试题 10.01.cpp */,
				A50FAE5B24B5857E00561A45 /* 删除排序数组中的重复项.cpp */,
				B7D01F7F24B7661B006BCD88 /* 1480_一维数组的动态和.cpp */,
			);
			path = "数组";
			sourceTree = "<group>";
		};
		A5A3B17524B2D4010025BA95 = {
			isa = PBXGroup;
			children = (
				A5A3B18024B2D4010025BA95 /* leetcode_cpp */,
				A5A3B17F24B2D4010025BA95 /* Products */,
			);
			sourceTree = "<group>";
		};
		A5A3B17F24B2D4010025BA95 /* Products */ = {
			isa = PBXGroup;
			children = (
				A5A3B17E24B2D4010025BA95 /* leetcode_cpp */,
			);
			name = Products;
			sourceTree = "<group>";
		};
		A5A3B18024B2D4010025BA95 /* leetcode_cpp */ = {
			isa = PBXGroup;
			children = (
				A5A3B18124B2D4010025BA95 /* main.cpp */,
				A5D3D8B024B82ED4003AF7C8 /* 贪心算法 */,
				A5D3D8AD24B819FE003AF7C8 /* 动态规划 */,
				B7D01F7C24B7598B006BCD88 /* 贪心 */,
				B7B5338224B60D34000FFA74 /* HashMap */,
				A50FAE5724B564E300561A45 /* 递归 */,
				A52C714E24B4479C00A0F3F3 /* 数组 */,
				A52C714824B4476500A0F3F3 /* 树 */,
				A5A3B18824B2D4160025BA95 /* 链表 */,
			);
			path = leetcode_cpp;
			sourceTree = "<group>";
		};
		A5A3B18824B2D4160025BA95 /* 链表 */ = {
			isa = PBXGroup;
			children = (
				A5A3B18D24B2D4160025BA95 /* ListNode.hpp */,
				A5A3B18924B2D4160025BA95 /* ListNode.cpp */,
				A5A3B18B24B2D4160025BA95 /* 2_两数相加.cpp */,
				A5A3B18C24B2D4160025BA95 /* 21_合并两个有序链表.cpp */,
				A5A3B18A24B2D4160025BA95 /* 206_反转链表.cpp */,
				A550F67D24B465D900556ABA /* 19_删除链表的倒数第N个节点.cpp */,
				A54980E424B469910066F455 /* 24_两两交换链表中的节点.cpp */,
				A54980E624B46D7D0066F455 /* 143_重排链表.cpp */,
				A503696C24B5DAC900FC1049 /* 面试题_02_08_环路检测.cpp */,
				A524EC6824B6B81A00765683 /* 面试题_02_04_分割链表.cpp */,
				A524EC6A24B6BB7C00765683 /* _328_奇偶链表.cpp */,
				B7B5338024B60471000FFA74 /* 面试题_02_07_链表相交.cpp */,
			);
			path = "链表";
			sourceTree = "<group>";
		};
		A5D3D8AD24B819FE003AF7C8 /* 动态规划 */ = {
			isa = PBXGroup;
			children = (
				A5D3D8AE24B81A15003AF7C8 /* 121_买卖股票的最佳时机.cpp */,
				A5F9454A24B85A8000573A2F /* 309_最佳买卖股票时机含冷冻期.cpp */,
			);
			path = "动态规划";
			sourceTree = "<group>";
		};
		A5D3D8B024B82ED4003AF7C8 /* 贪心算法 */ = {
			isa = PBXGroup;
			children = (
				A5D3D8B124B82EDF003AF7C8 /* 122_买卖股票的最佳时机II.cpp */,
			);
			path = "贪心算法";
			sourceTree = "<group>";
		};
		B7B5338224B60D34000FFA74 /* HashMap */ = {
			isa = PBXGroup;
			children = (
				B7B5338324B60D3F000FFA74 /* 1_两数之和.cpp */,
			);
			path = HashMap;
			sourceTree = "<group>";
		};
		B7D01F7C24B7598B006BCD88 /* 贪心 */ = {
			isa = PBXGroup;
			children = (
				B7D01F7D24B759A3006BCD88 /* 55_跳跃游戏.cpp */,
			);
			path = "贪心";
			sourceTree = "<group>";
		};
/* End PBXGroup section */

/* Begin PBXNativeTarget section */
		A5A3B17D24B2D4010025BA95 /* leetcode_cpp */ = {
			isa = PBXNativeTarget;
			buildConfigurationList = A5A3B18524B2D4010025BA95 /* Build configuration list for PBXNativeTarget "leetcode_cpp" */;
			buildPhases = (
				A5A3B17A24B2D4010025BA95 /* Sources */,
				A5A3B17B24B2D4010025BA95 /* Frameworks */,
				A5A3B17C24B2D4010025BA95 /* CopyFiles */,
			);
			buildRules = (
			);
			dependencies = (
			);
			name = leetcode_cpp;
			productName = leetcode_cpp;
			productReference = A5A3B17E24B2D4010025BA95 /* leetcode_cpp */;
			productType = "com.apple.product-type.tool";
		};
/* End PBXNativeTarget section */

/* Begin PBXProject section */
		A5A3B17624B2D4010025BA95 /* Project object */ = {
			isa = PBXProject;
			attributes = {
				LastUpgradeCheck = 1130;
				ORGANIZATIONNAME = "飞熊";
				TargetAttributes = {
					A5A3B17D24B2D4010025BA95 = {
						CreatedOnToolsVersion = 11.3.1;
					};
				};
			};
			buildConfigurationList = A5A3B17924B2D4010025BA95 /* Build configuration list for PBXProject "leetcode_cpp" */;
			compatibilityVersion = "Xcode 9.3";
			developmentRegion = en;
			hasScannedForEncodings = 0;
			knownRegions = (
				en,
				Base,
			);
			mainGroup = A5A3B17524B2D4010025BA95;
			productRefGroup = A5A3B17F24B2D4010025BA95 /* Products */;
			projectDirPath = "";
			projectRoot = "";
			targets = (
				A5A3B17D24B2D4010025BA95 /* leetcode_cpp */,
			);
		};
/* End PBXProject section */

/* Begin PBXSourcesBuildPhase section */
		A5A3B17A24B2D4010025BA95 /* Sources */ = {
			isa = PBXSourcesBuildPhase;
			buildActionMask = 2147483647;
			files = (
				A5A3B19124B2D4160025BA95 /* 21_合并两个有序链表.cpp in Sources */,
				A5A3B19024B2D4160025BA95 /* 2_两数相加.cpp in Sources */,
				A50FAE5C24B5857E00561A45 /* 删除排序数组中的重复项.cpp in Sources */,
				A52C714C24B4476500A0F3F3 /* 112_路径总和.cpp in Sources */,
				A5A3B18224B2D4010025BA95 /* main.cpp in Sources */,
				A5A3B18E24B2D4160025BA95 /* ListNode.cpp in Sources */,
				B7B5338424B60D3F000FFA74 /* 1_两数之和.cpp in Sources */,
				A550F67E24B465D900556ABA /* 19_删除链表的倒数第N个节点.cpp in Sources */,
				A52C715024B447B300A0F3F3 /* 面试题 10.01.cpp in Sources */,
				A5D3D8AF24B81A15003AF7C8 /* 121_买卖股票的最佳时机.cpp in Sources */,
				A52C714D24B4476500A0F3F3 /* TreeNode.cpp in Sources */,
				B7D01F7E24B759A3006BCD88 /* 55_跳跃游戏.cpp in Sources */,
				A524EC6924B6B81A00765683 /* 面试题_02_04_分割链表.cpp in Sources */,
				A5A3B18F24B2D4160025BA95 /* 206_反转链表.cpp in Sources */,
				A50FAE5A24B564F800561A45 /* 面试题_16_11_跳水板.cpp in Sources */,
				A524EC6B24B6BB7C00765683 /* _328_奇偶链表.cpp in Sources */,
				A5F9454B24B85A8000573A2F /* 309_最佳买卖股票时机含冷冻期.cpp in Sources */,
				B7D01F8024B7661B006BCD88 /* 1480_一维数组的动态和.cpp in Sources */,
				A54980E724B46D7D0066F455 /* 143_重排链表.cpp in Sources */,
				A5D3D8B224B82EDF003AF7C8 /* 122_买卖股票的最佳时机II.cpp in Sources */,
				A503696D24B5DAC900FC1049 /* 面试题_02_08_环路检测.cpp in Sources */,
				A54980E524B469910066F455 /* 24_两两交换链表中的节点.cpp in Sources */,
				B7B5338124B60471000FFA74 /* 面试题_02_07_链表相交.cpp in Sources */,
			);
			runOnlyForDeploymentPostprocessing = 0;
		};
/* End PBXSourcesBuildPhase section */

/* Begin XCBuildConfiguration section */
		A5A3B18324B2D4010025BA95 /* Debug */ = {
			isa = XCBuildConfiguration;
			buildSettings = {
				ALWAYS_SEARCH_USER_PATHS = NO;
				CLANG_ANALYZER_NONNULL = YES;
				CLANG_ANALYZER_NUMBER_OBJECT_CONVERSION = YES_AGGRESSIVE;
				CLANG_CXX_LANGUAGE_STANDARD = "gnu++14";
				CLANG_CXX_LIBRARY = "libc++";
				CLANG_ENABLE_MODULES = YES;
				CLANG_ENABLE_OBJC_ARC = YES;
				CLANG_ENABLE_OBJC_WEAK = YES;
				CLANG_WARN_BLOCK_CAPTURE_AUTORELEASING = YES;
				CLANG_WARN_BOOL_CONVERSION = YES;
				CLANG_WARN_COMMA = YES;
				CLANG_WARN_CONSTANT_CONVERSION = YES;
				CLANG_WARN_DEPRECATED_OBJC_IMPLEMENTATIONS = YES;
				CLANG_WARN_DIRECT_OBJC_ISA_USAGE = YES_ERROR;
				CLANG_WARN_DOCUMENTATION_COMMENTS = YES;
				CLANG_WARN_EMPTY_BODY = YES;
				CLANG_WARN_ENUM_CONVERSION = YES;
				CLANG_WARN_INFINITE_RECURSION = YES;
				CLANG_WARN_INT_CONVERSION = YES;
				CLANG_WARN_NON_LITERAL_NULL_CONVERSION = YES;
				CLANG_WARN_OBJC_IMPLICIT_RETAIN_SELF = YES;
				CLANG_WARN_OBJC_LITERAL_CONVERSION = YES;
				CLANG_WARN_OBJC_ROOT_CLASS = YES_ERROR;
				CLANG_WARN_RANGE_LOOP_ANALYSIS = YES;
				CLANG_WARN_STRICT_PROTOTYPES = YES;
				CLANG_WARN_SUSPICIOUS_MOVE = YES;
				CLANG_WARN_UNGUARDED_AVAILABILITY = YES_AGGRESSIVE;
				CLANG_WARN_UNREACHABLE_CODE = YES;
				CLANG_WARN__DUPLICATE_METHOD_MATCH = YES;
				COPY_PHASE_STRIP = NO;
				DEBUG_INFORMATION_FORMAT = dwarf;
				ENABLE_STRICT_OBJC_MSGSEND = YES;
				ENABLE_TESTABILITY = YES;
				GCC_C_LANGUAGE_STANDARD = gnu11;
				GCC_DYNAMIC_NO_PIC = NO;
				GCC_NO_COMMON_BLOCKS = YES;
				GCC_OPTIMIZATION_LEVEL = 0;
				GCC_PREPROCESSOR_DEFINITIONS = (
					"DEBUG=1",
					"$(inherited)",
				);
				GCC_WARN_64_TO_32_BIT_CONVERSION = YES;
				GCC_WARN_ABOUT_RETURN_TYPE = YES_ERROR;
				GCC_WARN_UNDECLARED_SELECTOR = YES;
				GCC_WARN_UNINITIALIZED_AUTOS = YES_AGGRESSIVE;
				GCC_WARN_UNUSED_FUNCTION = YES;
				GCC_WARN_UNUSED_VARIABLE = YES;
				MACOSX_DEPLOYMENT_TARGET = 10.14;
				MTL_ENABLE_DEBUG_INFO = INCLUDE_SOURCE;
				MTL_FAST_MATH = YES;
				ONLY_ACTIVE_ARCH = YES;
				SDKROOT = macosx;
			};
			name = Debug;
		};
		A5A3B18424B2D4010025BA95 /* Release */ = {
			isa = XCBuildConfiguration;
			buildSettings = {
				ALWAYS_SEARCH_USER_PATHS = NO;
				CLANG_ANALYZER_NONNULL = YES;
				CLANG_ANALYZER_NUMBER_OBJECT_CONVERSION = YES_AGGRESSIVE;
				CLANG_CXX_LANGUAGE_STANDARD = "gnu++14";
				CLANG_CXX_LIBRARY = "libc++";
				CLANG_ENABLE_MODULES = YES;
				CLANG_ENABLE_OBJC_ARC = YES;
				CLANG_ENABLE_OBJC_WEAK = YES;
				CLANG_WARN_BLOCK_CAPTURE_AUTORELEASING = YES;
				CLANG_WARN_BOOL_CONVERSION = YES;
				CLANG_WARN_COMMA = YES;
				CLANG_WARN_CONSTANT_CONVERSION = YES;
				CLANG_WARN_DEPRECATED_OBJC_IMPLEMENTATIONS = YES;
				CLANG_WARN_DIRECT_OBJC_ISA_USAGE = YES_ERROR;
				CLANG_WARN_DOCUMENTATION_COMMENTS = YES;
				CLANG_WARN_EMPTY_BODY = YES;
				CLANG_WARN_ENUM_CONVERSION = YES;
				CLANG_WARN_INFINITE_RECURSION = YES;
				CLANG_WARN_INT_CONVERSION = YES;
				CLANG_WARN_NON_LITERAL_NULL_CONVERSION = YES;
				CLANG_WARN_OBJC_IMPLICIT_RETAIN_SELF = YES;
				CLANG_WARN_OBJC_LITERAL_CONVERSION = YES;
				CLANG_WARN_OBJC_ROOT_CLASS = YES_ERROR;
				CLANG_WARN_RANGE_LOOP_ANALYSIS = YES;
				CLANG_WARN_STRICT_PROTOTYPES = YES;
				CLANG_WARN_SUSPICIOUS_MOVE = YES;
				CLANG_WARN_UNGUARDED_AVAILABILITY = YES_AGGRESSIVE;
				CLANG_WARN_UNREACHABLE_CODE = YES;
				CLANG_WARN__DUPLICATE_METHOD_MATCH = YES;
				COPY_PHASE_STRIP = NO;
				DEBUG_INFORMATION_FORMAT = "dwarf-with-dsym";
				ENABLE_NS_ASSERTIONS = NO;
				ENABLE_STRICT_OBJC_MSGSEND = YES;
				GCC_C_LANGUAGE_STANDARD = gnu11;
				GCC_NO_COMMON_BLOCKS = YES;
				GCC_WARN_64_TO_32_BIT_CONVERSION = YES;
				GCC_WARN_ABOUT_RETURN_TYPE = YES_ERROR;
				GCC_WARN_UNDECLARED_SELECTOR = YES;
				GCC_WARN_UNINITIALIZED_AUTOS = YES_AGGRESSIVE;
				GCC_WARN_UNUSED_FUNCTION = YES;
				GCC_WARN_UNUSED_VARIABLE = YES;
				MACOSX_DEPLOYMENT_TARGET = 10.14;
				MTL_ENABLE_DEBUG_INFO = NO;
				MTL_FAST_MATH = YES;
				SDKROOT = macosx;
			};
			name = Release;
		};
		A5A3B18624B2D4010025BA95 /* Debug */ = {
			isa = XCBuildConfiguration;
			buildSettings = {
				CODE_SIGN_STYLE = Automatic;
				PRODUCT_NAME = "$(TARGET_NAME)";
			};
			name = Debug;
		};
		A5A3B18724B2D4010025BA95 /* Release */ = {
			isa = XCBuildConfiguration;
			buildSettings = {
				CODE_SIGN_STYLE = Automatic;
				PRODUCT_NAME = "$(TARGET_NAME)";
			};
			name = Release;
		};
/* End XCBuildConfiguration section */

/* Begin XCConfigurationList section */
		A5A3B17924B2D4010025BA95 /* Build configuration list for PBXProject "leetcode_cpp" */ = {
			isa = XCConfigurationList;
			buildConfigurations = (
				A5A3B18324B2D4010025BA95 /* Debug */,
				A5A3B18424B2D4010025BA95 /* Release */,
			);
			defaultConfigurationIsVisible = 0;
			defaultConfigurationName = Release;
		};
		A5A3B18524B2D4010025BA95 /* Build configuration list for PBXNativeTarget "leetcode_cpp" */ = {
			isa = XCConfigurationList;
			buildConfigurations = (
				A5A3B18624B2D4010025BA95 /* Debug */,
				A5A3B18724B2D4010025BA95 /* Release */,
			);
			defaultConfigurationIsVisible = 0;
			defaultConfigurationName = Release;
		};
/* End XCConfigurationList section */
	};
	rootObject = A5A3B17624B2D4010025BA95 /* Project object */;
}
